// !$*UTF8*$!
{
	archiveVersion = 1;
	classes = {
	};
	objectVersion = 50;
	objects = {

/* Begin PBXBuildFile section */
		32180AA1240AAAAE00B9A1F8 /* AppDelegate.swift in Sources */ = {isa = PBXBuildFile; fileRef = 32180AA0240AAAAE00B9A1F8 /* AppDelegate.swift */; };
		32180AA3240AAAAE00B9A1F8 /* SceneDelegate.swift in Sources */ = {isa = PBXBuildFile; fileRef = 32180AA2240AAAAE00B9A1F8 /* SceneDelegate.swift */; };
		32180AA8240AAAAE00B9A1F8 /* Main.storyboard in Resources */ = {isa = PBXBuildFile; fileRef = 32180AA6240AAAAE00B9A1F8 /* Main.storyboard */; };
		32180AAA240AAAAE00B9A1F8 /* Assets.xcassets in Resources */ = {isa = PBXBuildFile; fileRef = 32180AA9240AAAAE00B9A1F8 /* Assets.xcassets */; };
		32180AAD240AAAAE00B9A1F8 /* LaunchScreen.storyboard in Resources */ = {isa = PBXBuildFile; fileRef = 32180AAB240AAAAE00B9A1F8 /* LaunchScreen.storyboard */; };
		3267A71C240AAB9200F0B463 /* TableViewController.swift in Sources */ = {isa = PBXBuildFile; fileRef = 3267A71B240AAB9200F0B463 /* TableViewController.swift */; };
		3267A71E240AABEB00F0B463 /* Profile.swift in Sources */ = {isa = PBXBuildFile; fileRef = 3267A71D240AABEB00F0B463 /* Profile.swift */; };
		3267A720240AB08F00F0B463 /* TableViewCell.swift in Sources */ = {isa = PBXBuildFile; fileRef = 3267A71F240AB08F00F0B463 /* TableViewCell.swift */; };
		32930E80240ACF6000FD22DA /* ViewModel.swift in Sources */ = {isa = PBXBuildFile; fileRef = 32930E7F240ACF6000FD22DA /* ViewModel.swift */; };
		32930E82240ACFF400FD22DA /* TableViewModelType.swift in Sources */ = {isa = PBXBuildFile; fileRef = 32930E81240ACFF400FD22DA /* TableViewModelType.swift */; };
		32930E86240AD3B300FD22DA /* TableViewCellViewModelType.swift in Sources */ = {isa = PBXBuildFile; fileRef = 32930E85240AD3B300FD22DA /* TableViewCellViewModelType.swift */; };
		32930E88240AD49A00FD22DA /* TableViewCellViewModel.swift in Sources */ = {isa = PBXBuildFile; fileRef = 32930E87240AD49A00FD22DA /* TableViewCellViewModel.swift */; };
/* End PBXBuildFile section */

/* Begin PBXFileReference section */
		32180A9D240AAAAE00B9A1F8 /* MVVM_UITableView.app */ = {isa = PBXFileReference; explicitFileType = wrapper.application; includeInIndex = 0; path = MVVM_UITableView.app; sourceTree = BUILT_PRODUCTS_DIR; };
		32180AA0240AAAAE00B9A1F8 /* AppDelegate.swift */ = {isa = PBXFileReference; lastKnownFileType = sourcecode.swift; path = AppDelegate.swift; sourceTree = "<group>"; };
		32180AA2240AAAAE00B9A1F8 /* SceneDelegate.swift */ = {isa = PBXFileReference; lastKnownFileType = sourcecode.swift; path = SceneDelegate.swift; sourceTree = "<group>"; };
		32180AA7240AAAAE00B9A1F8 /* Base */ = {isa = PBXFileReference; lastKnownFileType = file.storyboard; name = Base; path = Base.lproj/Main.storyboard; sourceTree = "<group>"; };
		32180AA9240AAAAE00B9A1F8 /* Assets.xcassets */ = {isa = PBXFileReference; lastKnownFileType = folder.assetcatalog; path = Assets.xcassets; sourceTree = "<group>"; };
		32180AAC240AAAAE00B9A1F8 /* Base */ = {isa = PBXFileReference; lastKnownFileType = file.storyboard; name = Base; path = Base.lproj/LaunchScreen.storyboard; sourceTree = "<group>"; };
		32180AAE240AAAAE00B9A1F8 /* Info.plist */ = {isa = PBXFileReference; lastKnownFileType = text.plist.xml; path = Info.plist; sourceTree = "<group>"; };
		3267A71B240AAB9200F0B463 /* TableViewController.swift */ = {isa = PBXFileReference; lastKnownFileType = sourcecode.swift; path = TableViewController.swift; sourceTree = "<group>"; };
		3267A71D240AABEB00F0B463 /* Profile.swift */ = {isa = PBXFileReference; lastKnownFileType = sourcecode.swift; path = Profile.swift; sourceTree = "<group>"; };
		3267A71F240AB08F00F0B463 /* TableViewCell.swift */ = {isa = PBXFileReference; lastKnownFileType = sourcecode.swift; path = TableViewCell.swift; sourceTree = "<group>"; };
		32930E7F240ACF6000FD22DA /* ViewModel.swift */ = {isa = PBXFileReference; lastKnownFileType = sourcecode.swift; path = ViewModel.swift; sourceTree = "<group>"; };
		32930E81240ACFF400FD22DA /* TableViewModelType.swift */ = {isa = PBXFileReference; lastKnownFileType = sourcecode.swift; path = TableViewModelType.swift; sourceTree = "<group>"; };
		32930E85240AD3B300FD22DA /* TableViewCellViewModelType.swift */ = {isa = PBXFileReference; lastKnownFileType = sourcecode.swift; path = TableViewCellViewModelType.swift; sourceTree = "<group>"; };
		32930E87240AD49A00FD22DA /* TableViewCellViewModel.swift */ = {isa = PBXFileReference; lastKnownFileType = sourcecode.swift; path = TableViewCellViewModel.swift; sourceTree = "<group>"; };
/* End PBXFileReference section */

/* Begin PBXFrameworksBuildPhase section */
		32180A9A240AAAAE00B9A1F8 /* Frameworks */ = {
			isa = PBXFrameworksBuildPhase;
			buildActionMask = 2147483647;
			files = (
			);
			runOnlyForDeploymentPostprocessing = 0;
		};
/* End PBXFrameworksBuildPhase section */

/* Begin PBXGroup section */
		32180A94240AAAAE00B9A1F8 = {
			isa = PBXGroup;
			children = (
				32180A9F240AAAAE00B9A1F8 /* MVVM_UITableView */,
				32180A9E240AAAAE00B9A1F8 /* Products */,
			);
			sourceTree = "<group>";
		};
		32180A9E240AAAAE00B9A1F8 /* Products */ = {
			isa = PBXGroup;
			children = (
				32180A9D240AAAAE00B9A1F8 /* MVVM_UITableView.app */,
			);
			name = Products;
			sourceTree = "<group>";
		};
		32180A9F240AAAAE00B9A1F8 /* MVVM_UITableView */ = {
			isa = PBXGroup;
			children = (
				32180AA0240AAAAE00B9A1F8 /* AppDelegate.swift */,
				32180AA2240AAAAE00B9A1F8 /* SceneDelegate.swift */,
				32930E83240AD08A00FD22DA /* ViewModel */,
				32930E84240AD09E00FD22DA /* Protocols */,
				3267A722240AB1A500F0B463 /* View */,
				3267A721240AB18F00F0B463 /* Model */,
				32180AA6240AAAAE00B9A1F8 /* Main.storyboard */,
				32180AA9240AAAAE00B9A1F8 /* Assets.xcassets */,
				32180AAB240AAAAE00B9A1F8 /* LaunchScreen.storyboard */,
				32180AAE240AAAAE00B9A1F8 /* Info.plist */,
			);
			path = MVVM_UITableView;
			sourceTree = "<group>";
		};
		3267A721240AB18F00F0B463 /* Model */ = {
			isa = PBXGroup;
			children = (
				3267A71D240AABEB00F0B463 /* Profile.swift */,
			);
			path = Model;
			sourceTree = "<group>";
		};
		3267A722240AB1A500F0B463 /* View */ = {
			isa = PBXGroup;
			children = (
				3267A71B240AAB9200F0B463 /* TableViewController.swift */,
				3267A71F240AB08F00F0B463 /* TableViewCell.swift */,
			);
			path = View;
			sourceTree = "<group>";
		};
		32930E83240AD08A00FD22DA /* ViewModel */ = {
			isa = PBXGroup;
			children = (
				32930E7F240ACF6000FD22DA /* ViewModel.swift */,
				32930E87240AD49A00FD22DA /* TableViewCellViewModel.swift */,
			);
			path = ViewModel;
			sourceTree = "<group>";
		};
		32930E84240AD09E00FD22DA /* Protocols */ = {
			isa = PBXGroup;
			children = (
				32930E81240ACFF400FD22DA /* TableViewModelType.swift */,
				32930E85240AD3B300FD22DA /* TableViewCellViewModelType.swift */,
			);
			path = Protocols;
			sourceTree = "<group>";
		};
/* End PBXGroup section */

/* Begin PBXNativeTarget section */
		32180A9C240AAAAE00B9A1F8 /* MVVM_UITableView */ = {
			isa = PBXNativeTarget;
			buildConfigurationList = 32180AB1240AAAAE00B9A1F8 /* Build configuration list for PBXNativeTarget "MVVM_UITableView" */;
			buildPhases = (
				32180A99240AAAAE00B9A1F8 /* Sources */,
				32180A9A240AAAAE00B9A1F8 /* Frameworks */,
				32180A9B240AAAAE00B9A1F8 /* Resources */,
			);
			buildRules = (
			);
			dependencies = (
			);
			name = MVVM_UITableView;
			productName = MVVM_UITableView;
			productReference = 32180A9D240AAAAE00B9A1F8 /* MVVM_UITableView.app */;
			productType = "com.apple.product-type.application";
		};
/* End PBXNativeTarget section */

/* Begin PBXProject section */
		32180A95240AAAAE00B9A1F8 /* Project object */ = {
			isa = PBXProject;
			attributes = {
				LastSwiftUpdateCheck = 1130;
				LastUpgradeCheck = 1130;
				ORGANIZATIONNAME = DmitriyYatsyuk;
				TargetAttributes = {
					32180A9C240AAAAE00B9A1F8 = {
						CreatedOnToolsVersion = 11.3.1;
					};
				};
			};
			buildConfigurationList = 32180A98240AAAAE00B9A1F8 /* Build configuration list for PBXProject "MVVM_UITableView" */;
			compatibilityVersion = "Xcode 9.3";
			developmentRegion = en;
			hasScannedForEncodings = 0;
			knownRegions = (
				en,
				Base,
			);
			mainGroup = 32180A94240AAAAE00B9A1F8;
			productRefGroup = 32180A9E240AAAAE00B9A1F8 /* Products */;
			projectDirPath = "";
			projectRoot = "";
			targets = (
				32180A9C240AAAAE00B9A1F8 /* MVVM_UITableView */,
			);
		};
/* End PBXProject section */

/* Begin PBXResourcesBuildPhase section */
		32180A9B240AAAAE00B9A1F8 /* Resources */ = {
			isa = PBXResourcesBuildPhase;
			buildActionMask = 2147483647;
			files = (
				32180AAD240AAAAE00B9A1F8 /* LaunchScreen.storyboard in Resources */,
				32180AAA240AAAAE00B9A1F8 /* Assets.xcassets in Resources */,
				32180AA8240AAAAE00B9A1F8 /* Main.storyboard in Resources */,
			);
			runOnlyForDeploymentPostprocessing = 0;
		};
/* End PBXResourcesBuildPhase section */

/* Begin PBXSourcesBuildPhase section */
		32180A99240AAAAE00B9A1F8 /* Sources */ = {
			isa = PBXSourcesBuildPhase;
			buildActionMask = 2147483647;
			files = (
				32930E86240AD3B300FD22DA /* TableViewCellViewModelType.swift in Sources */,
				3267A720240AB08F00F0B463 /* TableViewCell.swift in Sources */,
				32180AA1240AAAAE00B9A1F8 /* AppDelegate.swift in Sources */,
				3267A71E240AABEB00F0B463 /* Profile.swift in Sources */,
				3267A71C240AAB9200F0B463 /* TableViewController.swift in Sources */,
				32930E82240ACFF400FD22DA /* TableViewModelType.swift in Sources */,
				32930E88240AD49A00FD22DA /* TableViewCellViewModel.swift in Sources */,
				32930E80240ACF6000FD22DA /* ViewModel.swift in Sources */,
				32180AA3240AAAAE00B9A1F8 /* SceneDelegate.swift in Sources */,
			);
			runOnlyForDeploymentPostprocessing = 0;
		};
/* End PBXSourcesBuildPhase section */

/* Begin PBXVariantGroup section */
		32180AA6240AAAAE00B9A1F8 /* Main.storyboard */ = {
			isa = PBXVariantGroup;
			children = (
				32180AA7240AAAAE00B9A1F8 /* Base */,
			);
			name = Main.storyboard;
			sourceTree = "<group>";
		};
		32180AAB240AAAAE00B9A1F8 /* LaunchScreen.storyboard */ = {
			isa = PBXVariantGroup;
			children = (
				32180AAC240AAAAE00B9A1F8 /* Base */,
			);
			name = LaunchScreen.storyboard;
			sourceTree = "<group>";
		};
/* End PBXVariantGroup section */

/* Begin XCBuildConfiguration section */
		32180AAF240AAAAE00B9A1F8 /* Debug */ = {
			isa = XCBuildConfiguration;
			buildSettings = {
				ALWAYS_SEARCH_USER_PATHS = NO;
				CLANG_ANALYZER_NONNULL = YES;
				CLANG_ANALYZER_NUMBER_OBJECT_CONVERSION = YES_AGGRESSIVE;
				CLANG_CXX_LANGUAGE_STANDARD = "gnu++14";
				CLANG_CXX_LIBRARY = "libc++";
				CLANG_ENABLE_MODULES = YES;
				CLANG_ENABLE_OBJC_ARC = YES;
				CLANG_ENABLE_OBJC_WEAK = YES;
				CLANG_WARN_BLOCK_CAPTURE_AUTORELEASING = YES;
				CLANG_WARN_BOOL_CONVERSION = YES;
				CLANG_WARN_COMMA = YES;
				CLANG_WARN_CONSTANT_CONVERSION = YES;
				CLANG_WARN_DEPRECATED_OBJC_IMPLEMENTATIONS = YES;
				CLANG_WARN_DIRECT_OBJC_ISA_USAGE = YES_ERROR;
				CLANG_WARN_DOCUMENTATION_COMMENTS = YES;
				CLANG_WARN_EMPTY_BODY = YES;
				CLANG_WARN_ENUM_CONVERSION = YES;
				CLANG_WARN_INFINITE_RECURSION = YES;
				CLANG_WARN_INT_CONVERSION = YES;
				CLANG_WARN_NON_LITERAL_NULL_CONVERSION = YES;
				CLANG_WARN_OBJC_IMPLICIT_RETAIN_SELF = YES;
				CLANG_WARN_OBJC_LITERAL_CONVERSION = YES;
				CLANG_WARN_OBJC_ROOT_CLASS = YES_ERROR;
				CLANG_WARN_RANGE_LOOP_ANALYSIS = YES;
				CLANG_WARN_STRICT_PROTOTYPES = YES;
				CLANG_WARN_SUSPICIOUS_MOVE = YES;
				CLANG_WARN_UNGUARDED_AVAILABILITY = YES_AGGRESSIVE;
				CLANG_WARN_UNREACHABLE_CODE = YES;
				CLANG_WARN__DUPLICATE_METHOD_MATCH = YES;
				COPY_PHASE_STRIP = NO;
				DEBUG_INFORMATION_FORMAT = dwarf;
				ENABLE_STRICT_OBJC_MSGSEND = YES;
				ENABLE_TESTABILITY = YES;
				GCC_C_LANGUAGE_STANDARD = gnu11;
				GCC_DYNAMIC_NO_PIC = NO;
				GCC_NO_COMMON_BLOCKS = YES;
				GCC_OPTIMIZATION_LEVEL = 0;
				GCC_PREPROCESSOR_DEFINITIONS = (
					"DEBUG=1",
					"$(inherited)",
				);
				GCC_WARN_64_TO_32_BIT_CONVERSION = YES;
				GCC_WARN_ABOUT_RETURN_TYPE = YES_ERROR;
				GCC_WARN_UNDECLARED_SELECTOR = YES;
				GCC_WARN_UNINITIALIZED_AUTOS = YES_AGGRESSIVE;
				GCC_WARN_UNUSED_FUNCTION = YES;
				GCC_WARN_UNUSED_VARIABLE = YES;
				IPHONEOS_DEPLOYMENT_TARGET = 13.2;
				MTL_ENABLE_DEBUG_INFO = INCLUDE_SOURCE;
				MTL_FAST_MATH = YES;
				ONLY_ACTIVE_ARCH = YES;
				SDKROOT = iphoneos;
				SWIFT_ACTIVE_COMPILATION_CONDITIONS = DEBUG;
				SWIFT_OPTIMIZATION_LEVEL = "-Onone";
			};
			name = Debug;
		};
		32180AB0240AAAAE00B9A1F8 /* Release */ = {
			isa = XCBuildConfiguration;
			buildSettings = {
				ALWAYS_SEARCH_USER_PATHS = NO;
				CLANG_ANALYZER_NONNULL = YES;
				CLANG_ANALYZER_NUMBER_OBJECT_CONVERSION = YES_AGGRESSIVE;
				CLANG_CXX_LANGUAGE_STANDARD = "gnu++14";
				CLANG_CXX_LIBRARY = "libc++";
				CLANG_ENABLE_MODULES = YES;
				CLANG_ENABLE_OBJC_ARC = YES;
				CLANG_ENABLE_OBJC_WEAK = YES;
				CLANG_WARN_BLOCK_CAPTURE_AUTORELEASING = YES;
				CLANG_WARN_BOOL_CONVERSION = YES;
				CLANG_WARN_COMMA = YES;
				CLANG_WARN_CONSTANT_CONVERSION = YES;
				CLANG_WARN_DEPRECATED_OBJC_IMPLEMENTATIONS = YES;
				CLANG_WARN_DIRECT_OBJC_ISA_USAGE = YES_ERROR;
				CLANG_WARN_DOCUMENTATION_COMMENTS = YES;
				CLANG_WARN_EMPTY_BODY = YES;
				CLANG_WARN_ENUM_CONVERSION = YES;
				CLANG_WARN_INFINITE_RECURSION = YES;
				CLANG_WARN_INT_CONVERSION = YES;
				CLANG_WARN_NON_LITERAL_NULL_CONVERSION = YES;
				CLANG_WARN_OBJC_IMPLICIT_RETAIN_SELF = YES;
				CLANG_WARN_OBJC_LITERAL_CONVERSION = YES;
				CLANG_WARN_OBJC_ROOT_CLASS = YES_ERROR;
				CLANG_WARN_RANGE_LOOP_ANALYSIS = YES;
				CLANG_WARN_STRICT_PROTOTYPES = YES;
				CLANG_WARN_SUSPICIOUS_MOVE = YES;
				CLANG_WARN_UNGUARDED_AVAILABILITY = YES_AGGRESSIVE;
				CLANG_WARN_UNREACHABLE_CODE = YES;
				CLANG_WARN__DUPLICATE_METHOD_MATCH = YES;
				COPY_PHASE_STRIP = NO;
				DEBUG_INFORMATION_FORMAT = "dwarf-with-dsym";
				ENABLE_NS_ASSERTIONS = NO;
				ENABLE_STRICT_OBJC_MSGSEND = YES;
				GCC_C_LANGUAGE_STANDARD = gnu11;
				GCC_NO_COMMON_BLOCKS = YES;
				GCC_WARN_64_TO_32_BIT_CONVERSION = YES;
				GCC_WARN_ABOUT_RETURN_TYPE = YES_ERROR;
				GCC_WARN_UNDECLARED_SELECTOR = YES;
				GCC_WARN_UNINITIALIZED_AUTOS = YES_AGGRESSIVE;
				GCC_WARN_UNUSED_FUNCTION = YES;
				GCC_WARN_UNUSED_VARIABLE = YES;
				IPHONEOS_DEPLOYMENT_TARGET = 13.2;
				MTL_ENABLE_DEBUG_INFO = NO;
				MTL_FAST_MATH = YES;
				SDKROOT = iphoneos;
				SWIFT_COMPILATION_MODE = wholemodule;
				SWIFT_OPTIMIZATION_LEVEL = "-O";
				VALIDATE_PRODUCT = YES;
			};
			name = Release;
		};
		32180AB2240AAAAE00B9A1F8 /* Debug */ = {
			isa = XCBuildConfiguration;
			buildSettings = {
				ASSETCATALOG_COMPILER_APPICON_NAME = AppIcon;
				CODE_SIGN_STYLE = Automatic;
				DEVELOPMENT_TEAM = 2V83UZ9AV3;
				INFOPLIST_FILE = MVVM_UITableView/Info.plist;
				LD_RUNPATH_SEARCH_PATHS = (
					"$(inherited)",
					"@executable_path/Frameworks",
				);
				PRODUCT_BUNDLE_IDENTIFIER = "ru.mail-yatsyuk.dev.MVVM-UITableView";
				PRODUCT_NAME = "$(TARGET_NAME)";
				SWIFT_VERSION = 5.0;
				TARGETED_DEVICE_FAMILY = "1,2";
			};
			name = Debug;
		};
		32180AB3240AAAAE00B9A1F8 /* Release */ = {
			isa = XCBuildConfiguration;
			buildSettings = {
				ASSETCATALOG_COMPILER_APPICON_NAME = AppIcon;
				CODE_SIGN_STYLE = Automatic;
				DEVELOPMENT_TEAM = 2V83UZ9AV3;
				INFOPLIST_FILE = MVVM_UITableView/Info.plist;
				LD_RUNPATH_SEARCH_PATHS = (
					"$(inherited)",
					"@executable_path/Frameworks",
				);
				PRODUCT_BUNDLE_IDENTIFIER = "ru.mail-yatsyuk.dev.MVVM-UITableView";
				PRODUCT_NAME = "$(TARGET_NAME)";
				SWIFT_VERSION = 5.0;
				TARGETED_DEVICE_FAMILY = "1,2";
			};
			name = Release;
		};
/* End XCBuildConfiguration section */

/* Begin XCConfigurationList section */
		32180A98240AAAAE00B9A1F8 /* Build configuration list for PBXProject "MVVM_UITableView" */ = {
			isa = XCConfigurationList;
			buildConfigurations = (
				32180AAF240AAAAE00B9A1F8 /* Debug */,
				32180AB0240AAAAE00B9A1F8 /* Release */,
			);
			defaultConfigurationIsVisible = 0;
			defaultConfigurationName = Release;
		};
		32180AB1240AAAAE00B9A1F8 /* Build configuration list for PBXNativeTarget "MVVM_UITableView" */ = {
			isa = XCConfigurationList;
			buildConfigurations = (
				32180AB2240AAAAE00B9A1F8 /* Debug */,
				32180AB3240AAAAE00B9A1F8 /* Release */,
			);
			defaultConfigurationIsVisible = 0;
			defaultConfigurationName = Release;
		};
/* End XCConfigurationList section */
	};
	rootObject = 32180A95240AAAAE00B9A1F8 /* Project object */;
}
